
Microsoft Visual Studio Solution File, Format Version 11.00
# Visual Studio 2010
Project("{FAE04EC0-301F-11D3-BF4B-00C04F79EFBC}") = "SportsStore.Domain", "..\SportsStore.Domain\SportsStore.Domain.csproj", "{EC95939F-481A-4076-8DCF-C45E49728292}"
EndProject
Project("{FAE04EC0-301F-11D3-BF4B-00C04F79EFBC}") = "SportsStore.WebUI", "..\SportsStore.WebUI\SportsStore.WebUI.csproj", "{A0FA0A3D-721F-4206-B09F-9D2CC1F5E8DF}"
EndProject
Project("{FAE04EC0-301F-11D3-BF4B-00C04F79EFBC}") = "SportsStore.UnitTests", "..\SportsStore.UnitTests\SportsStore.UnitTests.csproj", "{DD835154-4811-4711-AB07-54800FC2C9D0}"
EndProject
Global
	GlobalSection(TestCaseManagementSettings) = postSolution
		CategoryFile = SportsStore.vsmdi
	EndGlobalSection
	GlobalSection(SolutionConfigurationPlatforms) = preSolution
		Debug|Any CPU = Debug|Any CPU
		Release|Any CPU = Release|Any CPU
	EndGlobalSection
	GlobalSection(ProjectConfigurationPlatforms) = postSolution
		{EC95939F-481A-4076-8DCF-C45E49728292}.Debug|Any CPU.ActiveCfg = Debug|Any CPU
		{EC95939F-481A-4076-8DCF-C45E49728292}.Debug|Any CPU.Build.0 = Debug|Any CPU
		{EC95939F-481A-4076-8DCF-C45E49728292}.Release|Any CPU.ActiveCfg = Release|Any CPU
		{EC95939F-481A-4076-8DCF-C45E49728292}.Release|Any CPU.Build.0 = Release|Any CPU
		{A0FA0A3D-721F-4206-B09F-9D2CC1F5E8DF}.Debug|Any CPU.ActiveCfg = Debug|Any CPU
		{A0FA0A3D-721F-4206-B09F-9D2CC1F5E8DF}.Debug|Any CPU.Build.0 = Debug|Any CPU
		{A0FA0A3D-721F-4206-B09F-9D2CC1F5E8DF}.Release|Any CPU.ActiveCfg = Release|Any CPU
		{A0FA0A3D-721F-4206-B09F-9D2CC1F5E8DF}.Release|Any CPU.Build.0 = Release|Any CPU
		{DD835154-4811-4711-AB07-54800FC2C9D0}.Debug|Any CPU.ActiveCfg = Debug|Any CPU
		{DD835154-4811-4711-AB07-54800FC2C9D0}.Debug|Any CPU.Build.0 = Debug|Any CPU
		{DD835154-4811-4711-AB07-54800FC2C9D0}.Release|Any CPU.ActiveCfg = Release|Any CPU
		{DD835154-4811-4711-AB07-54800FC2C9D0}.Release|Any CPU.Build.0 = Release|Any CPU
	EndGlobalSection
	GlobalSection(SolutionProperties) = preSolution
		HideSolutionNode = FALSE
	EndGlobalSection
EndGlobal
